
Microsoft Visual Studio Solution File, Format Version 12.00
# Visual Studio Version 17
VisualStudioVersion = 17.8.34525.116
MinimumVisualStudioVersion = 10.0.40219.1
Project("{FAE04EC0-301F-11D3-BF4B-00C04F79EFBC}") = "aulaDoDia2409", "aulaDoDia2409\aulaDoDia2409.csproj", "{AF981CF8-6373-4FFD-8F8F-8BAD6DF97513}"
EndProject
Global
	GlobalSection(SolutionConfigurationPlatforms) = preSolution
		Debug|Any CPU = Debug|Any CPU
		Release|Any CPU = Release|Any CPU
	EndGlobalSection
	GlobalSection(ProjectConfigurationPlatforms) = postSolution
		{AF981CF8-6373-4FFD-8F8F-8BAD6DF97513}.Debug|Any CPU.ActiveCfg = Debug|Any CPU
		{AF981CF8-6373-4FFD-8F8F-8BAD6DF97513}.Debug|Any CPU.Build.0 = Debug|Any CPU
		{AF981CF8-6373-4FFD-8F8F-8BAD6DF97513}.Release|Any CPU.ActiveCfg = Release|Any CPU
		{AF981CF8-6373-4FFD-8F8F-8BAD6DF97513}.Release|Any CPU.Build.0 = Release|Any CPU
	EndGlobalSection
	GlobalSection(SolutionProperties) = preSolution
		HideSolutionNode = FALSE
	EndGlobalSection
	GlobalSection(ExtensibilityGlobals) = postSolution
		SolutionGuid = {AE271D79-713D-47A3-BD39-F92772C74587}
	EndGlobalSection
EndGlobal
